schema: '2.0'
stages:
  data_ingestion:
    cmd: python src/data/make_dataset.py
    deps:
    - path: src/data/make_dataset.py
      hash: md5
      md5: bd821b880db7bc2d6209cca26c115fb4
      size: 3263
    params:
      params.yaml:
        data_ingestion.test_size: 0.2
    outs:
    - path: data/raw
      hash: md5
      md5: fb326d2eec197669f9638afde28356bf.dir
      size: 827973
      nfiles: 2
  data_preprocessing:
    cmd: python src/data/preprocess.py
    deps:
    - path: data/raw
      hash: md5
      md5: fb326d2eec197669f9638afde28356bf.dir
      size: 827973
      nfiles: 2
    - path: src/data/preprocess.py
      hash: md5
      md5: e5e7f2291ec40fb32009d39077d3c771
      size: 3702
    outs:
    - path: data/interim
      hash: md5
      md5: 6a8cec701ebf682e6c077676bc9bc1aa.dir
      size: 566210
      nfiles: 2
  feature_engineering:
    cmd: python src/features/build_features.py
    deps:
    - path: data/interim
      hash: md5
      md5: 6a8cec701ebf682e6c077676bc9bc1aa.dir
      size: 566210
      nfiles: 2
    - path: src/features/build_features.py
      hash: md5
      md5: 029df08f4302bb3ff1ff7c5ae1ddc831
      size: 3879
    params:
      params.yaml:
        feature_engineering.max_features: 51
    outs:
    - path: data/processed
      hash: md5
      md5: 58fd1dcea5c508420305d85a5e456afd.dir
      size: 1089570
      nfiles: 2
    - path: models/vectorizer.pkl
      hash: md5
      md5: 83d1205fcf44907dfd072a4b7ae2a36c
      size: 1870
  model_building:
    cmd: python src/model/train_model.py
    deps:
    - path: data/processed
      hash: md5
      md5: 58fd1dcea5c508420305d85a5e456afd.dir
      size: 1089570
      nfiles: 2
    - path: src/model/train_model.py
      hash: md5
      md5: 809681a98d52938b43c9befd0b00a422
      size: 2373
    outs:
    - path: models/model.pkl
      hash: md5
      md5: 7b54f0feab9a300b8a98e673171b9537
      size: 1063
  model_evaluation:
    cmd: python src/model/predict_model.py
    deps:
    - path: models/model.pkl
      hash: md5
      md5: 7b54f0feab9a300b8a98e673171b9537
      size: 1063
    - path: src/model/predict_model.py
      hash: md5
      md5: 5fb4ed4646788fd28109916d4cdb20e0
      size: 5615
    outs:
    - path: reports/experiment_info.json
      hash: md5
      md5: 2fb217f2ace715bfa2a00b4258fee6d1
      size: 82
    - path: reports/metrics.json
      hash: md5
      md5: e895c748126b6b21576fee39014193e3
      size: 145
  model_registration:
    cmd: python src/model/register_model.py
    deps:
    - path: reports/experiment_info.json
      hash: md5
      md5: 2fb217f2ace715bfa2a00b4258fee6d1
      size: 82
    - path: src/model/register_model.py
      hash: md5
      md5: 8614cf73c2df6430b47cfd8cbc1ea129
      size: 2761
